
Microsoft Visual Studio Solution File, Format Version 12.00
# Visual Studio Version 16
VisualStudioVersion = 16.0.30114.105
MinimumVisualStudioVersion = 10.0.40219.1
Project("{2150E333-8FDC-42A3-9474-1A3956D46DE8}") = "src", "src", "{46A031C7-1ABC-4EE0-A1AE-02FD236CD7E7}"
EndProject
Project("{FAE04EC0-301F-11D3-BF4B-00C04F79EFBC}") = "GeometricShapesCalculator", "src\GeometricShapesCalculator\GeometricShapesCalculator.csproj", "{B9773BB1-1115-4A06-A0E5-44FCA11D0BDF}"
EndProject
Project("{2150E333-8FDC-42A3-9474-1A3956D46DE8}") = "tests", "tests", "{56548AF2-F1BD-4BB4-84A1-7820BA913FAF}"
EndProject
Project("{FAE04EC0-301F-11D3-BF4B-00C04F79EFBC}") = "GeometricShapesCalculator.Tests", "tests\GeometricShapesCalculator.Tests\GeometricShapesCalculator.Tests.csproj", "{ECB34929-366B-4CD0-BA16-0969F570824D}"
EndProject
Global
	GlobalSection(SolutionConfigurationPlatforms) = preSolution
		Debug|Any CPU = Debug|Any CPU
		Release|Any CPU = Release|Any CPU
	EndGlobalSection
	GlobalSection(SolutionProperties) = preSolution
		HideSolutionNode = FALSE
	EndGlobalSection
	GlobalSection(ProjectConfigurationPlatforms) = postSolution
		{B9773BB1-1115-4A06-A0E5-44FCA11D0BDF}.Debug|Any CPU.ActiveCfg = Debug|Any CPU
		{B9773BB1-1115-4A06-A0E5-44FCA11D0BDF}.Debug|Any CPU.Build.0 = Debug|Any CPU
		{B9773BB1-1115-4A06-A0E5-44FCA11D0BDF}.Release|Any CPU.ActiveCfg = Release|Any CPU
		{B9773BB1-1115-4A06-A0E5-44FCA11D0BDF}.Release|Any CPU.Build.0 = Release|Any CPU
		{ECB34929-366B-4CD0-BA16-0969F570824D}.Debug|Any CPU.ActiveCfg = Debug|Any CPU
		{ECB34929-366B-4CD0-BA16-0969F570824D}.Debug|Any CPU.Build.0 = Debug|Any CPU
		{ECB34929-366B-4CD0-BA16-0969F570824D}.Release|Any CPU.ActiveCfg = Release|Any CPU
		{ECB34929-366B-4CD0-BA16-0969F570824D}.Release|Any CPU.Build.0 = Release|Any CPU
	EndGlobalSection
	GlobalSection(NestedProjects) = preSolution
		{B9773BB1-1115-4A06-A0E5-44FCA11D0BDF} = {46A031C7-1ABC-4EE0-A1AE-02FD236CD7E7}
		{ECB34929-366B-4CD0-BA16-0969F570824D} = {56548AF2-F1BD-4BB4-84A1-7820BA913FAF}
	EndGlobalSection
EndGlobal
